Microsoft Visual Studio Solution File, Format Version 11.00
# Visual Studio 2008

Project("{09A83352-E777-222D-0A5B-62836A846B7D}") = "SpeadTheMessage", "Assembly-CSharp.csproj", "{C05CC0C3-81AD-04A3-8C3D-B9D1AB7B92F3}"
EndProject
Global
	GlobalSection(SolutionConfigurationPlatforms) = preSolution
		Debug|Any CPU = Debug|Any CPU
		Release|Any CPU = Release|Any CPU
	EndGlobalSection
	GlobalSection(ProjectConfigurationPlatforms) = postSolution
		{C05CC0C3-81AD-04A3-8C3D-B9D1AB7B92F3}.Debug|Any CPU.ActiveCfg = Debug|Any CPU
		{C05CC0C3-81AD-04A3-8C3D-B9D1AB7B92F3}.Debug|Any CPU.Build.0 = Debug|Any CPU
		{C05CC0C3-81AD-04A3-8C3D-B9D1AB7B92F3}.Release|Any CPU.ActiveCfg = Release|Any CPU
		{C05CC0C3-81AD-04A3-8C3D-B9D1AB7B92F3}.Release|Any CPU.Build.0 = Release|Any CPU
	EndGlobalSection
	GlobalSection(SolutionProperties) = preSolution
		HideSolutionNode = FALSE
	EndGlobalSection
	GlobalSection(MonoDevelopProperties) = preSolution
		StartupItem = Assembly-CSharp.csproj
	EndGlobalSection
EndGlobal
